Microsoft Visual Studio Solution File, Format Version 12.00
# Visual Studio Version 17
VisualStudioVersion = 17.5.2.0
MinimumVisualStudioVersion = 10.0.40219.1
Project("{FAE04EC0-301F-11D3-BF4B-00C04F79EFBC}") = "SistemaLivros", "SistemaLivros.csproj", "{2AB31650-20DC-A2EC-731E-3A8C9B453259}"
EndProject
Global
	GlobalSection(SolutionConfigurationPlatforms) = preSolution
		Debug|Any CPU = Debug|Any CPU
		Release|Any CPU = Release|Any CPU
	EndGlobalSection
	GlobalSection(ProjectConfigurationPlatforms) = postSolution
		{2AB31650-20DC-A2EC-731E-3A8C9B453259}.Debug|Any CPU.ActiveCfg = Debug|Any CPU
		{2AB31650-20DC-A2EC-731E-3A8C9B453259}.Debug|Any CPU.Build.0 = Debug|Any CPU
		{2AB31650-20DC-A2EC-731E-3A8C9B453259}.Release|Any CPU.ActiveCfg = Release|Any CPU
		{2AB31650-20DC-A2EC-731E-3A8C9B453259}.Release|Any CPU.Build.0 = Release|Any CPU
	EndGlobalSection
	GlobalSection(SolutionProperties) = preSolution
		HideSolutionNode = FALSE
	EndGlobalSection
	GlobalSection(ExtensibilityGlobals) = postSolution
		SolutionGuid = {B875AEAE-4798-4822-BB25-A1D7142927DB}
	EndGlobalSection
EndGlobal
